Microsoft Visual Studio Solution File, Format Version 12.00
# Visual Studio Version 17
VisualStudioVersion = 17.0.31903.59
MinimumVisualStudioVersion = 10.0.40219.1
Project("{FAE04EC0-301F-11D3-BF4B-00C04F79EFBC}") = "ExchangeServiceAPI", "ExchangeServiceAPI\ExchangeServiceAPI.csproj", "{A1B2C3D4-E5F6-7890-ABCD-EF1234567890}"
EndProject
Project("{FAE04EC0-301F-11D3-BF4B-00C04F79EFBC}") = "RateProviders", "ExchangeRateProviders\RateProviders\RateProviders.csproj", "{EA46ED92-F9F8-5F83-0698-BE049A1A116C}"
EndProject
Project("{FAE04EC0-301F-11D3-BF4B-00C04F79EFBC}") = "ExchangeServiceAPI.Tests", "ExchangeServiceAPI.Tests\ExchangeServiceAPI.Tests.csproj", "{04E85F28-F008-49CB-B050-C24F3BD4B2A8}"
EndProject
Global
	GlobalSection(SolutionConfigurationPlatforms) = preSolution
		Debug|Any CPU = Debug|Any CPU
		Debug|x64 = Debug|x64
		Debug|x86 = Debug|x86
		Release|Any CPU = Release|Any CPU
		Release|x64 = Release|x64
		Release|x86 = Release|x86
	EndGlobalSection
	GlobalSection(ProjectConfigurationPlatforms) = postSolution
		{A1B2C3D4-E5F6-7890-ABCD-EF1234567890}.Debug|Any CPU.ActiveCfg = Debug|Any CPU
		{A1B2C3D4-E5F6-7890-ABCD-EF1234567890}.Debug|Any CPU.Build.0 = Debug|Any CPU
		{A1B2C3D4-E5F6-7890-ABCD-EF1234567890}.Debug|x64.ActiveCfg = Debug|Any CPU
		{A1B2C3D4-E5F6-7890-ABCD-EF1234567890}.Debug|x64.Build.0 = Debug|Any CPU
		{A1B2C3D4-E5F6-7890-ABCD-EF1234567890}.Debug|x86.ActiveCfg = Debug|Any CPU
		{A1B2C3D4-E5F6-7890-ABCD-EF1234567890}.Debug|x86.Build.0 = Debug|Any CPU
		{A1B2C3D4-E5F6-7890-ABCD-EF1234567890}.Release|Any CPU.ActiveCfg = Release|Any CPU
		{A1B2C3D4-E5F6-7890-ABCD-EF1234567890}.Release|Any CPU.Build.0 = Release|Any CPU
		{A1B2C3D4-E5F6-7890-ABCD-EF1234567890}.Release|x64.ActiveCfg = Release|Any CPU
		{A1B2C3D4-E5F6-7890-ABCD-EF1234567890}.Release|x64.Build.0 = Release|Any CPU
		{A1B2C3D4-E5F6-7890-ABCD-EF1234567890}.Release|x86.ActiveCfg = Release|Any CPU
		{A1B2C3D4-E5F6-7890-ABCD-EF1234567890}.Release|x86.Build.0 = Release|Any CPU
		{EA46ED92-F9F8-5F83-0698-BE049A1A116C}.Debug|Any CPU.ActiveCfg = Debug|Any CPU
		{EA46ED92-F9F8-5F83-0698-BE049A1A116C}.Debug|Any CPU.Build.0 = Debug|Any CPU
		{EA46ED92-F9F8-5F83-0698-BE049A1A116C}.Debug|x64.ActiveCfg = Debug|Any CPU
		{EA46ED92-F9F8-5F83-0698-BE049A1A116C}.Debug|x64.Build.0 = Debug|Any CPU
		{EA46ED92-F9F8-5F83-0698-BE049A1A116C}.Debug|x86.ActiveCfg = Debug|Any CPU
		{EA46ED92-F9F8-5F83-0698-BE049A1A116C}.Debug|x86.Build.0 = Debug|Any CPU
		{EA46ED92-F9F8-5F83-0698-BE049A1A116C}.Release|Any CPU.ActiveCfg = Release|Any CPU
		{EA46ED92-F9F8-5F83-0698-BE049A1A116C}.Release|Any CPU.Build.0 = Release|Any CPU
		{EA46ED92-F9F8-5F83-0698-BE049A1A116C}.Release|x64.ActiveCfg = Release|Any CPU
		{EA46ED92-F9F8-5F83-0698-BE049A1A116C}.Release|x64.Build.0 = Release|Any CPU
		{EA46ED92-F9F8-5F83-0698-BE049A1A116C}.Release|x86.ActiveCfg = Release|Any CPU
		{EA46ED92-F9F8-5F83-0698-BE049A1A116C}.Release|x86.Build.0 = Release|Any CPU
		{04E85F28-F008-49CB-B050-C24F3BD4B2A8}.Debug|Any CPU.ActiveCfg = Debug|Any CPU
		{04E85F28-F008-49CB-B050-C24F3BD4B2A8}.Debug|Any CPU.Build.0 = Debug|Any CPU
		{04E85F28-F008-49CB-B050-C24F3BD4B2A8}.Debug|x64.ActiveCfg = Debug|Any CPU
		{04E85F28-F008-49CB-B050-C24F3BD4B2A8}.Debug|x64.Build.0 = Debug|Any CPU
		{04E85F28-F008-49CB-B050-C24F3BD4B2A8}.Debug|x86.ActiveCfg = Debug|Any CPU
		{04E85F28-F008-49CB-B050-C24F3BD4B2A8}.Debug|x86.Build.0 = Debug|Any CPU
		{04E85F28-F008-49CB-B050-C24F3BD4B2A8}.Release|Any CPU.ActiveCfg = Release|Any CPU
		{04E85F28-F008-49CB-B050-C24F3BD4B2A8}.Release|Any CPU.Build.0 = Release|Any CPU
		{04E85F28-F008-49CB-B050-C24F3BD4B2A8}.Release|x64.ActiveCfg = Release|Any CPU
		{04E85F28-F008-49CB-B050-C24F3BD4B2A8}.Release|x64.Build.0 = Release|Any CPU
		{04E85F28-F008-49CB-B050-C24F3BD4B2A8}.Release|x86.ActiveCfg = Release|Any CPU
		{04E85F28-F008-49CB-B050-C24F3BD4B2A8}.Release|x86.Build.0 = Release|Any CPU
	EndGlobalSection
	GlobalSection(SolutionProperties) = preSolution
		HideSolutionNode = FALSE
	EndGlobalSection
EndGlobal
